// !$*UTF8*$!
{
	archiveVersion = 1;
	classes = {
	};
	objectVersion = 56;
	objects = {

/* Begin PBXBuildFile section */
		2D3D093A28A4F96100E9C77A /* Story.swift in Sources */ = {isa = PBXBuildFile; fileRef = 2D3D093928A4F96100E9C77A /* Story.swift */; };
		2D3D093C28A5737B00E9C77A /* MediaMakers.swift in Sources */ = {isa = PBXBuildFile; fileRef = 2D3D093B28A5737B00E9C77A /* MediaMakers.swift */; };
		2D56461528A2D28C0017F1C8 /* TextModifiers.swift in Sources */ = {isa = PBXBuildFile; fileRef = 2D56461428A2D28C0017F1C8 /* TextModifiers.swift */; };
		2D56461728A2D45E0017F1C8 /* BackgroundStyles.swift in Sources */ = {isa = PBXBuildFile; fileRef = 2D56461628A2D45E0017F1C8 /* BackgroundStyles.swift */; };
		2D56461928A2FB6A0017F1C8 /* FeaturedStory.swift in Sources */ = {isa = PBXBuildFile; fileRef = 2D56461828A2FB6A0017F1C8 /* FeaturedStory.swift */; };
		2D56461B28A3A1170017F1C8 /* StoryView.swift in Sources */ = {isa = PBXBuildFile; fileRef = 2D56461A28A3A1170017F1C8 /* StoryView.swift */; };
		2D56461D28A3A9580017F1C8 /* NavigationModel.swift in Sources */ = {isa = PBXBuildFile; fileRef = 2D56461C28A3A9580017F1C8 /* NavigationModel.swift */; };
		2D56461F28A3B32B0017F1C8 /* Animations.swift in Sources */ = {isa = PBXBuildFile; fileRef = 2D56461E28A3B32B0017F1C8 /* Animations.swift */; };
		2D628BD1289E752700C73357 /* PreferenceKeys.swift in Sources */ = {isa = PBXBuildFile; fileRef = 2D628BD0289E752700C73357 /* PreferenceKeys.swift */; };
		2D628BDA289EA95500C73357 /* sample_story1.json in Resources */ = {isa = PBXBuildFile; fileRef = 2D628BD8289EA95500C73357 /* sample_story1.json */; };
		2D628BDB289EA95500C73357 /* sample_list.json in Resources */ = {isa = PBXBuildFile; fileRef = 2D628BD9289EA95500C73357 /* sample_list.json */; };
		2D628BDD289EB40100C73357 /* README.md in Resources */ = {isa = PBXBuildFile; fileRef = 2D628BDC289EB40100C73357 /* README.md */; };
		2D628BE3289EC5EA00C73357 /* StoriesModel.swift in Sources */ = {isa = PBXBuildFile; fileRef = 2D628BE2289EC5EA00C73357 /* StoriesModel.swift */; };
		2D628BE5289EF60F00C73357 /* StoryData.swift in Sources */ = {isa = PBXBuildFile; fileRef = 2D628BE4289EF60F00C73357 /* StoryData.swift */; };
		2D628BE7289F09C700C73357 /* StoriesDataFeed.swift in Sources */ = {isa = PBXBuildFile; fileRef = 2D628BE6289F09C700C73357 /* StoriesDataFeed.swift */; };
		2D628BE9289F102C00C73357 /* DataProviders.swift in Sources */ = {isa = PBXBuildFile; fileRef = 2D628BE8289F102C00C73357 /* DataProviders.swift */; };
		2D628BED289FA4B200C73357 /* ErrorProviders.swift in Sources */ = {isa = PBXBuildFile; fileRef = 2D628BEC289FA4B200C73357 /* ErrorProviders.swift */; };
		2D628BEE289FD69B00C73357 /* Extensions.swift in Sources */ = {isa = PBXBuildFile; fileRef = 2DE6A83F289E659300123354 /* Extensions.swift */; };
		2D628BEF289FD69B00C73357 /* Extensions.swift in Sources */ = {isa = PBXBuildFile; fileRef = 2DE6A83F289E659300123354 /* Extensions.swift */; };
		2DB1411E289D90B800A32A66 /* SkyCatNewsApp.swift in Sources */ = {isa = PBXBuildFile; fileRef = 2DB1411D289D90B800A32A66 /* SkyCatNewsApp.swift */; };
		2DB14120289D90B800A32A66 /* ContentView.swift in Sources */ = {isa = PBXBuildFile; fileRef = 2DB1411F289D90B800A32A66 /* ContentView.swift */; };
		2DB14122289D90B900A32A66 /* Assets.xcassets in Resources */ = {isa = PBXBuildFile; fileRef = 2DB14121289D90B900A32A66 /* Assets.xcassets */; };
		2DB14125289D90B900A32A66 /* Preview Assets.xcassets in Resources */ = {isa = PBXBuildFile; fileRef = 2DB14124289D90B900A32A66 /* Preview Assets.xcassets */; };
		2DB1412F289D90B900A32A66 /* SkyCatNewsTests.swift in Sources */ = {isa = PBXBuildFile; fileRef = 2DB1412E289D90B900A32A66 /* SkyCatNewsTests.swift */; };
		2DB14139289D90B900A32A66 /* SkyCatNewsUITests.swift in Sources */ = {isa = PBXBuildFile; fileRef = 2DB14138289D90B900A32A66 /* SkyCatNewsUITests.swift */; };
		2DB1413B289D90B900A32A66 /* SkyCatNewsUITestsLaunchTests.swift in Sources */ = {isa = PBXBuildFile; fileRef = 2DB1413A289D90B900A32A66 /* SkyCatNewsUITestsLaunchTests.swift */; };
		2DDE4C8B28A267B500DA23E1 /* Coffee.swift in Sources */ = {isa = PBXBuildFile; fileRef = 2DDE4C8A28A267B400DA23E1 /* Coffee.swift */; };
		2DDE4C8F28A288F200DA23E1 /* StoriesView.swift in Sources */ = {isa = PBXBuildFile; fileRef = 2DDE4C8E28A288F200DA23E1 /* StoriesView.swift */; };
		2DDE4C9128A295DB00DA23E1 /* StoriesViewItem.swift in Sources */ = {isa = PBXBuildFile; fileRef = 2DDE4C9028A295DB00DA23E1 /* StoriesViewItem.swift */; };
		2DDE4C9328A2985A00DA23E1 /* StoryModel.swift in Sources */ = {isa = PBXBuildFile; fileRef = 2DDE4C9228A2985A00DA23E1 /* StoryModel.swift */; };
		2DE6A83D289E64FA00123354 /* NavigationBar.swift in Sources */ = {isa = PBXBuildFile; fileRef = 2DE6A83C289E64FA00123354 /* NavigationBar.swift */; };
		2DE6A840289E659300123354 /* Extensions.swift in Sources */ = {isa = PBXBuildFile; fileRef = 2DE6A83F289E659300123354 /* Extensions.swift */; };
		2DE6A843289E668900123354 /* AnimatableFontModifier.swift in Sources */ = {isa = PBXBuildFile; fileRef = 2DE6A842289E668900123354 /* AnimatableFontModifier.swift */; };
/* End PBXBuildFile section */

/* Begin PBXContainerItemProxy section */
		2DB1412B289D90B900A32A66 /* PBXContainerItemProxy */ = {
			isa = PBXContainerItemProxy;
			containerPortal = 2DB14112289D90B800A32A66 /* Project object */;
			proxyType = 1;
			remoteGlobalIDString = 2DB14119289D90B800A32A66;
			remoteInfo = SkyCatNews;
		};
		2DB14135289D90B900A32A66 /* PBXContainerItemProxy */ = {
			isa = PBXContainerItemProxy;
			containerPortal = 2DB14112289D90B800A32A66 /* Project object */;
			proxyType = 1;
			remoteGlobalIDString = 2DB14119289D90B800A32A66;
			remoteInfo = SkyCatNews;
		};
/* End PBXContainerItemProxy section */

/* Begin PBXFileReference section */
		2D3D093928A4F96100E9C77A /* Story.swift */ = {isa = PBXFileReference; lastKnownFileType = sourcecode.swift; path = Story.swift; sourceTree = "<group>"; };
		2D3D093B28A5737B00E9C77A /* MediaMakers.swift */ = {isa = PBXFileReference; lastKnownFileType = sourcecode.swift; path = MediaMakers.swift; sourceTree = "<group>"; };
		2D56461428A2D28C0017F1C8 /* TextModifiers.swift */ = {isa = PBXFileReference; lastKnownFileType = sourcecode.swift; path = TextModifiers.swift; sourceTree = "<group>"; };
		2D56461628A2D45E0017F1C8 /* BackgroundStyles.swift */ = {isa = PBXFileReference; lastKnownFileType = sourcecode.swift; path = BackgroundStyles.swift; sourceTree = "<group>"; };
		2D56461828A2FB6A0017F1C8 /* FeaturedStory.swift */ = {isa = PBXFileReference; lastKnownFileType = sourcecode.swift; path = FeaturedStory.swift; sourceTree = "<group>"; };
		2D56461A28A3A1170017F1C8 /* StoryView.swift */ = {isa = PBXFileReference; lastKnownFileType = sourcecode.swift; path = StoryView.swift; sourceTree = "<group>"; };
		2D56461C28A3A9580017F1C8 /* NavigationModel.swift */ = {isa = PBXFileReference; lastKnownFileType = sourcecode.swift; path = NavigationModel.swift; sourceTree = "<group>"; };
		2D56461E28A3B32B0017F1C8 /* Animations.swift */ = {isa = PBXFileReference; lastKnownFileType = sourcecode.swift; path = Animations.swift; sourceTree = "<group>"; };
		2D628BD0289E752700C73357 /* PreferenceKeys.swift */ = {isa = PBXFileReference; lastKnownFileType = sourcecode.swift; path = PreferenceKeys.swift; sourceTree = "<group>"; };
		2D628BD8289EA95500C73357 /* sample_story1.json */ = {isa = PBXFileReference; fileEncoding = 4; lastKnownFileType = text.json; path = sample_story1.json; sourceTree = "<group>"; };
		2D628BD9289EA95500C73357 /* sample_list.json */ = {isa = PBXFileReference; fileEncoding = 4; lastKnownFileType = text.json; path = sample_list.json; sourceTree = "<group>"; };
		2D628BDC289EB40100C73357 /* README.md */ = {isa = PBXFileReference; fileEncoding = 4; lastKnownFileType = net.daringfireball.markdown; path = README.md; sourceTree = "<group>"; };
		2D628BE2289EC5EA00C73357 /* StoriesModel.swift */ = {isa = PBXFileReference; lastKnownFileType = sourcecode.swift; path = StoriesModel.swift; sourceTree = "<group>"; };
		2D628BE4289EF60F00C73357 /* StoryData.swift */ = {isa = PBXFileReference; lastKnownFileType = sourcecode.swift; path = StoryData.swift; sourceTree = "<group>"; };
		2D628BE6289F09C700C73357 /* StoriesDataFeed.swift */ = {isa = PBXFileReference; lastKnownFileType = sourcecode.swift; path = StoriesDataFeed.swift; sourceTree = "<group>"; };
		2D628BE8289F102C00C73357 /* DataProviders.swift */ = {isa = PBXFileReference; lastKnownFileType = sourcecode.swift; path = DataProviders.swift; sourceTree = "<group>"; };
		2D628BEC289FA4B200C73357 /* ErrorProviders.swift */ = {isa = PBXFileReference; lastKnownFileType = sourcecode.swift; path = ErrorProviders.swift; sourceTree = "<group>"; };
		2DB1411A289D90B800A32A66 /* SkyCatNews.app */ = {isa = PBXFileReference; explicitFileType = wrapper.application; includeInIndex = 0; path = SkyCatNews.app; sourceTree = BUILT_PRODUCTS_DIR; };
		2DB1411D289D90B800A32A66 /* SkyCatNewsApp.swift */ = {isa = PBXFileReference; lastKnownFileType = sourcecode.swift; path = SkyCatNewsApp.swift; sourceTree = "<group>"; };
		2DB1411F289D90B800A32A66 /* ContentView.swift */ = {isa = PBXFileReference; lastKnownFileType = sourcecode.swift; path = ContentView.swift; sourceTree = "<group>"; };
		2DB14121289D90B900A32A66 /* Assets.xcassets */ = {isa = PBXFileReference; lastKnownFileType = folder.assetcatalog; path = Assets.xcassets; sourceTree = "<group>"; };
		2DB14124289D90B900A32A66 /* Preview Assets.xcassets */ = {isa = PBXFileReference; lastKnownFileType = folder.assetcatalog; path = "Preview Assets.xcassets"; sourceTree = "<group>"; };
		2DB1412A289D90B900A32A66 /* SkyCatNewsTests.xctest */ = {isa = PBXFileReference; explicitFileType = wrapper.cfbundle; includeInIndex = 0; path = SkyCatNewsTests.xctest; sourceTree = BUILT_PRODUCTS_DIR; };
		2DB1412E289D90B900A32A66 /* SkyCatNewsTests.swift */ = {isa = PBXFileReference; lastKnownFileType = sourcecode.swift; path = SkyCatNewsTests.swift; sourceTree = "<group>"; };
		2DB14134289D90B900A32A66 /* SkyCatNewsUITests.xctest */ = {isa = PBXFileReference; explicitFileType = wrapper.cfbundle; includeInIndex = 0; path = SkyCatNewsUITests.xctest; sourceTree = BUILT_PRODUCTS_DIR; };
		2DB14138289D90B900A32A66 /* SkyCatNewsUITests.swift */ = {isa = PBXFileReference; lastKnownFileType = sourcecode.swift; path = SkyCatNewsUITests.swift; sourceTree = "<group>"; };
		2DB1413A289D90B900A32A66 /* SkyCatNewsUITestsLaunchTests.swift */ = {isa = PBXFileReference; lastKnownFileType = sourcecode.swift; path = SkyCatNewsUITestsLaunchTests.swift; sourceTree = "<group>"; };
		2DDE4C8A28A267B400DA23E1 /* Coffee.swift */ = {isa = PBXFileReference; lastKnownFileType = sourcecode.swift; path = Coffee.swift; sourceTree = "<group>"; };
		2DDE4C8E28A288F200DA23E1 /* StoriesView.swift */ = {isa = PBXFileReference; lastKnownFileType = sourcecode.swift; path = StoriesView.swift; sourceTree = "<group>"; };
		2DDE4C9028A295DB00DA23E1 /* StoriesViewItem.swift */ = {isa = PBXFileReference; lastKnownFileType = sourcecode.swift; path = StoriesViewItem.swift; sourceTree = "<group>"; };
		2DDE4C9228A2985A00DA23E1 /* StoryModel.swift */ = {isa = PBXFileReference; lastKnownFileType = sourcecode.swift; path = StoryModel.swift; sourceTree = "<group>"; };
		2DE6A83C289E64FA00123354 /* NavigationBar.swift */ = {isa = PBXFileReference; lastKnownFileType = sourcecode.swift; path = NavigationBar.swift; sourceTree = "<group>"; };
		2DE6A83F289E659300123354 /* Extensions.swift */ = {isa = PBXFileReference; lastKnownFileType = sourcecode.swift; path = Extensions.swift; sourceTree = "<group>"; };
		2DE6A842289E668900123354 /* AnimatableFontModifier.swift */ = {isa = PBXFileReference; lastKnownFileType = sourcecode.swift; path = AnimatableFontModifier.swift; sourceTree = "<group>"; };
/* End PBXFileReference section */

/* Begin PBXFrameworksBuildPhase section */
		2DB14117289D90B800A32A66 /* Frameworks */ = {
			isa = PBXFrameworksBuildPhase;
			buildActionMask = 2147483647;
			files = (
			);
			runOnlyForDeploymentPostprocessing = 0;
		};
		2DB14127289D90B900A32A66 /* Frameworks */ = {
			isa = PBXFrameworksBuildPhase;
			buildActionMask = 2147483647;
			files = (
			);
			runOnlyForDeploymentPostprocessing = 0;
		};
		2DB14131289D90B900A32A66 /* Frameworks */ = {
			isa = PBXFrameworksBuildPhase;
			buildActionMask = 2147483647;
			files = (
			);
			runOnlyForDeploymentPostprocessing = 0;
		};
/* End PBXFrameworksBuildPhase section */

/* Begin PBXGroup section */
		2D3D093828A40CEF00E9C77A /* Data */ = {
			isa = PBXGroup;
			children = (
				2D628BE4289EF60F00C73357 /* StoryData.swift */,
				2D628BE6289F09C700C73357 /* StoriesDataFeed.swift */,
				2DDE4C8928A2678D00DA23E1 /* TestStructures */,
			);
			path = Data;
			sourceTree = "<group>";
		};
		2D628BD7289EA92600C73357 /* Resources */ = {
			isa = PBXGroup;
			children = (
				2D628BD9289EA95500C73357 /* sample_list.json */,
				2D628BD8289EA95500C73357 /* sample_story1.json */,
			);
			path = Resources;
			sourceTree = "<group>";
		};
		2DB14111289D90B800A32A66 = {
			isa = PBXGroup;
			children = (
				2D628BDC289EB40100C73357 /* README.md */,
				2DB1411C289D90B800A32A66 /* SkyCatNews */,
				2DB1412D289D90B900A32A66 /* SkyCatNewsTests */,
				2DB14137289D90B900A32A66 /* SkyCatNewsUITests */,
				2DB1411B289D90B800A32A66 /* Products */,
			);
			sourceTree = "<group>";
		};
		2DB1411B289D90B800A32A66 /* Products */ = {
			isa = PBXGroup;
			children = (
				2DB1411A289D90B800A32A66 /* SkyCatNews.app */,
				2DB1412A289D90B900A32A66 /* SkyCatNewsTests.xctest */,
				2DB14134289D90B900A32A66 /* SkyCatNewsUITests.xctest */,
			);
			name = Products;
			sourceTree = "<group>";
		};
		2DB1411C289D90B800A32A66 /* SkyCatNews */ = {
			isa = PBXGroup;
			children = (
				2DB1411D289D90B800A32A66 /* SkyCatNewsApp.swift */,
				2DE6A83B289E64CF00123354 /* Navigation */,
				2DB14147289E643D00A32A66 /* Views */,
				2DDE4C8D28A288B900DA23E1 /* Components */,
				2DE6A83E289E657500123354 /* Model */,
				2D3D093828A40CEF00E9C77A /* Data */,
				2DE6A841289E666400123354 /* Styles */,
				2D628BD7289EA92600C73357 /* Resources */,
				2DB14121289D90B900A32A66 /* Assets.xcassets */,
				2DB14123289D90B900A32A66 /* Preview Content */,
			);
			path = SkyCatNews;
			sourceTree = "<group>";
		};
		2DB14123289D90B900A32A66 /* Preview Content */ = {
			isa = PBXGroup;
			children = (
				2DB14124289D90B900A32A66 /* Preview Assets.xcassets */,
			);
			path = "Preview Content";
			sourceTree = "<group>";
		};
		2DB1412D289D90B900A32A66 /* SkyCatNewsTests */ = {
			isa = PBXGroup;
			children = (
				2DB1412E289D90B900A32A66 /* SkyCatNewsTests.swift */,
			);
			path = SkyCatNewsTests;
			sourceTree = "<group>";
		};
		2DB14137289D90B900A32A66 /* SkyCatNewsUITests */ = {
			isa = PBXGroup;
			children = (
				2DB14138289D90B900A32A66 /* SkyCatNewsUITests.swift */,
				2DB1413A289D90B900A32A66 /* SkyCatNewsUITestsLaunchTests.swift */,
			);
			path = SkyCatNewsUITests;
			sourceTree = "<group>";
		};
		2DB14147289E643D00A32A66 /* Views */ = {
			isa = PBXGroup;
			children = (
				2DB1411F289D90B800A32A66 /* ContentView.swift */,
				2D56461A28A3A1170017F1C8 /* StoryView.swift */,
			);
			path = Views;
			sourceTree = "<group>";
		};
		2DDE4C8928A2678D00DA23E1 /* TestStructures */ = {
			isa = PBXGroup;
			children = (
				2DDE4C8A28A267B400DA23E1 /* Coffee.swift */,
			);
			path = TestStructures;
			sourceTree = "<group>";
		};
		2DDE4C8D28A288B900DA23E1 /* Components */ = {
			isa = PBXGroup;
			children = (
				2D56461828A2FB6A0017F1C8 /* FeaturedStory.swift */,
				2DDE4C8E28A288F200DA23E1 /* StoriesView.swift */,
				2DDE4C9028A295DB00DA23E1 /* StoriesViewItem.swift */,
			);
			path = Components;
			sourceTree = "<group>";
		};
		2DE6A83B289E64CF00123354 /* Navigation */ = {
			isa = PBXGroup;
			children = (
				2DE6A83C289E64FA00123354 /* NavigationBar.swift */,
			);
			path = Navigation;
			sourceTree = "<group>";
		};
		2DE6A83E289E657500123354 /* Model */ = {
			isa = PBXGroup;
			children = (
				2D56461C28A3A9580017F1C8 /* NavigationModel.swift */,
				2D628BE2289EC5EA00C73357 /* StoriesModel.swift */,
				2DDE4C9228A2985A00DA23E1 /* StoryModel.swift */,
				2D3D093928A4F96100E9C77A /* Story.swift */,
				2DE6A83F289E659300123354 /* Extensions.swift */,
				2D3D093B28A5737B00E9C77A /* MediaMakers.swift */,
				2D628BE8289F102C00C73357 /* DataProviders.swift */,
				2D628BEC289FA4B200C73357 /* ErrorProviders.swift */,
				2D628BD0289E752700C73357 /* PreferenceKeys.swift */,
			);
			path = Model;
			sourceTree = "<group>";
		};
		2DE6A841289E666400123354 /* Styles */ = {
			isa = PBXGroup;
			children = (
				2DE6A842289E668900123354 /* AnimatableFontModifier.swift */,
				2D56461428A2D28C0017F1C8 /* TextModifiers.swift */,
				2D56461628A2D45E0017F1C8 /* BackgroundStyles.swift */,
				2D56461E28A3B32B0017F1C8 /* Animations.swift */,
			);
			path = Styles;
			sourceTree = "<group>";
		};
/* End PBXGroup section */

/* Begin PBXNativeTarget section */
		2DB14119289D90B800A32A66 /* SkyCatNews */ = {
			isa = PBXNativeTarget;
			buildConfigurationList = 2DB1413E289D90B900A32A66 /* Build configuration list for PBXNativeTarget "SkyCatNews" */;
			buildPhases = (
				2DB14116289D90B800A32A66 /* Sources */,
				2DB14117289D90B800A32A66 /* Frameworks */,
				2DB14118289D90B800A32A66 /* Resources */,
			);
			buildRules = (
			);
			dependencies = (
			);
			name = SkyCatNews;
			productName = SkyCatNews;
			productReference = 2DB1411A289D90B800A32A66 /* SkyCatNews.app */;
			productType = "com.apple.product-type.application";
		};
		2DB14129289D90B900A32A66 /* SkyCatNewsTests */ = {
			isa = PBXNativeTarget;
			buildConfigurationList = 2DB14141289D90B900A32A66 /* Build configuration list for PBXNativeTarget "SkyCatNewsTests" */;
			buildPhases = (
				2DB14126289D90B900A32A66 /* Sources */,
				2DB14127289D90B900A32A66 /* Frameworks */,
				2DB14128289D90B900A32A66 /* Resources */,
			);
			buildRules = (
			);
			dependencies = (
				2DB1412C289D90B900A32A66 /* PBXTargetDependency */,
			);
			name = SkyCatNewsTests;
			productName = SkyCatNewsTests;
			productReference = 2DB1412A289D90B900A32A66 /* SkyCatNewsTests.xctest */;
			productType = "com.apple.product-type.bundle.unit-test";
		};
		2DB14133289D90B900A32A66 /* SkyCatNewsUITests */ = {
			isa = PBXNativeTarget;
			buildConfigurationList = 2DB14144289D90B900A32A66 /* Build configuration list for PBXNativeTarget "SkyCatNewsUITests" */;
			buildPhases = (
				2DB14130289D90B900A32A66 /* Sources */,
				2DB14131289D90B900A32A66 /* Frameworks */,
				2DB14132289D90B900A32A66 /* Resources */,
			);
			buildRules = (
			);
			dependencies = (
				2DB14136289D90B900A32A66 /* PBXTargetDependency */,
			);
			name = SkyCatNewsUITests;
			productName = SkyCatNewsUITests;
			productReference = 2DB14134289D90B900A32A66 /* SkyCatNewsUITests.xctest */;
			productType = "com.apple.product-type.bundle.ui-testing";
		};
/* End PBXNativeTarget section */

/* Begin PBXProject section */
		2DB14112289D90B800A32A66 /* Project object */ = {
			isa = PBXProject;
			attributes = {
				BuildIndependentTargetsInParallel = 1;
				LastSwiftUpdateCheck = 1400;
				LastUpgradeCheck = 1400;
				TargetAttributes = {
					2DB14119289D90B800A32A66 = {
						CreatedOnToolsVersion = 14.0;
					};
					2DB14129289D90B900A32A66 = {
						CreatedOnToolsVersion = 14.0;
						TestTargetID = 2DB14119289D90B800A32A66;
					};
					2DB14133289D90B900A32A66 = {
						CreatedOnToolsVersion = 14.0;
						TestTargetID = 2DB14119289D90B800A32A66;
					};
				};
			};
			buildConfigurationList = 2DB14115289D90B800A32A66 /* Build configuration list for PBXProject "SkyCatNews" */;
			compatibilityVersion = "Xcode 14.0";
			developmentRegion = en;
			hasScannedForEncodings = 0;
			knownRegions = (
				en,
				Base,
			);
			mainGroup = 2DB14111289D90B800A32A66;
			productRefGroup = 2DB1411B289D90B800A32A66 /* Products */;
			projectDirPath = "";
			projectRoot = "";
			targets = (
				2DB14119289D90B800A32A66 /* SkyCatNews */,
				2DB14129289D90B900A32A66 /* SkyCatNewsTests */,
				2DB14133289D90B900A32A66 /* SkyCatNewsUITests */,
			);
		};
/* End PBXProject section */

/* Begin PBXResourcesBuildPhase section */
		2DB14118289D90B800A32A66 /* Resources */ = {
			isa = PBXResourcesBuildPhase;
			buildActionMask = 2147483647;
			files = (
				2D628BDA289EA95500C73357 /* sample_story1.json in Resources */,
				2D628BDB289EA95500C73357 /* sample_list.json in Resources */,
				2D628BDD289EB40100C73357 /* README.md in Resources */,
				2DB14125289D90B900A32A66 /* Preview Assets.xcassets in Resources */,
				2DB14122289D90B900A32A66 /* Assets.xcassets in Resources */,
			);
			runOnlyForDeploymentPostprocessing = 0;
		};
		2DB14128289D90B900A32A66 /* Resources */ = {
			isa = PBXResourcesBuildPhase;
			buildActionMask = 2147483647;
			files = (
			);
			runOnlyForDeploymentPostprocessing = 0;
		};
		2DB14132289D90B900A32A66 /* Resources */ = {
			isa = PBXResourcesBuildPhase;
			buildActionMask = 2147483647;
			files = (
			);
			runOnlyForDeploymentPostprocessing = 0;
		};
/* End PBXResourcesBuildPhase section */

/* Begin PBXSourcesBuildPhase section */
		2DB14116289D90B800A32A66 /* Sources */ = {
			isa = PBXSourcesBuildPhase;
			buildActionMask = 2147483647;
			files = (
				2D56461728A2D45E0017F1C8 /* BackgroundStyles.swift in Sources */,
				2D628BE3289EC5EA00C73357 /* StoriesModel.swift in Sources */,
				2DE6A840289E659300123354 /* Extensions.swift in Sources */,
				2D628BE7289F09C700C73357 /* StoriesDataFeed.swift in Sources */,
				2DDE4C8F28A288F200DA23E1 /* StoriesView.swift in Sources */,
				2D56461D28A3A9580017F1C8 /* NavigationModel.swift in Sources */,
				2DB14120289D90B800A32A66 /* ContentView.swift in Sources */,
				2D56461528A2D28C0017F1C8 /* TextModifiers.swift in Sources */,
				2DDE4C9128A295DB00DA23E1 /* StoriesViewItem.swift in Sources */,
				2D3D093C28A5737B00E9C77A /* MediaMakers.swift in Sources */,
				2D3D093A28A4F96100E9C77A /* Story.swift in Sources */,
				2DB1411E289D90B800A32A66 /* SkyCatNewsApp.swift in Sources */,
				2DE6A843289E668900123354 /* AnimatableFontModifier.swift in Sources */,
				2D56461B28A3A1170017F1C8 /* StoryView.swift in Sources */,
				2D628BED289FA4B200C73357 /* ErrorProviders.swift in Sources */,
				2D628BE9289F102C00C73357 /* DataProviders.swift in Sources */,
				2D628BD1289E752700C73357 /* PreferenceKeys.swift in Sources */,
				2DE6A83D289E64FA00123354 /* NavigationBar.swift in Sources */,
				2D628BE5289EF60F00C73357 /* StoryData.swift in Sources */,
				2D56461928A2FB6A0017F1C8 /* FeaturedStory.swift in Sources */,
				2DDE4C8B28A267B500DA23E1 /* Coffee.swift in Sources */,
				2DDE4C9328A2985A00DA23E1 /* StoryModel.swift in Sources */,
				2D56461F28A3B32B0017F1C8 /* Animations.swift in Sources */,
			);
			runOnlyForDeploymentPostprocessing = 0;
		};
		2DB14126289D90B900A32A66 /* Sources */ = {
			isa = PBXSourcesBuildPhase;
			buildActionMask = 2147483647;
			files = (
				2DB1412F289D90B900A32A66 /* SkyCatNewsTests.swift in Sources */,
				2D628BEE289FD69B00C73357 /* Extensions.swift in Sources */,
			);
			runOnlyForDeploymentPostprocessing = 0;
		};
		2DB14130289D90B900A32A66 /* Sources */ = {
			isa = PBXSourcesBuildPhase;
			buildActionMask = 2147483647;
			files = (
				2DB1413B289D90B900A32A66 /* SkyCatNewsUITestsLaunchTests.swift in Sources */,
				2DB14139289D90B900A32A66 /* SkyCatNewsUITests.swift in Sources */,
				2D628BEF289FD69B00C73357 /* Extensions.swift in Sources */,
			);
			runOnlyForDeploymentPostprocessing = 0;
		};
/* End PBXSourcesBuildPhase section */

/* Begin PBXTargetDependency section */
		2DB1412C289D90B900A32A66 /* PBXTargetDependency */ = {
			isa = PBXTargetDependency;
			target = 2DB14119289D90B800A32A66 /* SkyCatNews */;
			targetProxy = 2DB1412B289D90B900A32A66 /* PBXContainerItemProxy */;
		};
		2DB14136289D90B900A32A66 /* PBXTargetDependency */ = {
			isa = PBXTargetDependency;
			target = 2DB14119289D90B800A32A66 /* SkyCatNews */;
			targetProxy = 2DB14135289D90B900A32A66 /* PBXContainerItemProxy */;
		};
/* End PBXTargetDependency section */

/* Begin XCBuildConfiguration section */
		2DB1413C289D90B900A32A66 /* Debug */ = {
			isa = XCBuildConfiguration;
			buildSettings = {
				ALWAYS_SEARCH_USER_PATHS = NO;
				CLANG_ANALYZER_NONNULL = YES;
				CLANG_ANALYZER_NUMBER_OBJECT_CONVERSION = YES_AGGRESSIVE;
				CLANG_CXX_LANGUAGE_STANDARD = "gnu++20";
				CLANG_ENABLE_MODULES = YES;
				CLANG_ENABLE_OBJC_ARC = YES;
				CLANG_ENABLE_OBJC_WEAK = YES;
				CLANG_WARN_BLOCK_CAPTURE_AUTORELEASING = YES;
				CLANG_WARN_BOOL_CONVERSION = YES;
				CLANG_WARN_COMMA = YES;
				CLANG_WARN_CONSTANT_CONVERSION = YES;
				CLANG_WARN_DEPRECATED_OBJC_IMPLEMENTATIONS = YES;
				CLANG_WARN_DIRECT_OBJC_ISA_USAGE = YES_ERROR;
				CLANG_WARN_DOCUMENTATION_COMMENTS = YES;
				CLANG_WARN_EMPTY_BODY = YES;
				CLANG_WARN_ENUM_CONVERSION = YES;
				CLANG_WARN_INFINITE_RECURSION = YES;
				CLANG_WARN_INT_CONVERSION = YES;
				CLANG_WARN_NON_LITERAL_NULL_CONVERSION = YES;
				CLANG_WARN_OBJC_IMPLICIT_RETAIN_SELF = YES;
				CLANG_WARN_OBJC_LITERAL_CONVERSION = YES;
				CLANG_WARN_OBJC_ROOT_CLASS = YES_ERROR;
				CLANG_WARN_QUOTED_INCLUDE_IN_FRAMEWORK_HEADER = YES;
				CLANG_WARN_RANGE_LOOP_ANALYSIS = YES;
				CLANG_WARN_STRICT_PROTOTYPES = YES;
				CLANG_WARN_SUSPICIOUS_MOVE = YES;
				CLANG_WARN_UNGUARDED_AVAILABILITY = YES_AGGRESSIVE;
				CLANG_WARN_UNREACHABLE_CODE = YES;
				CLANG_WARN__DUPLICATE_METHOD_MATCH = YES;
				COPY_PHASE_STRIP = NO;
				DEBUG_INFORMATION_FORMAT = dwarf;
				ENABLE_STRICT_OBJC_MSGSEND = YES;
				ENABLE_TESTABILITY = YES;
				GCC_C_LANGUAGE_STANDARD = gnu11;
				GCC_DYNAMIC_NO_PIC = NO;
				GCC_NO_COMMON_BLOCKS = YES;
				GCC_OPTIMIZATION_LEVEL = 0;
				GCC_PREPROCESSOR_DEFINITIONS = (
					"DEBUG=1",
					"$(inherited)",
				);
				GCC_WARN_64_TO_32_BIT_CONVERSION = YES;
				GCC_WARN_ABOUT_RETURN_TYPE = YES_ERROR;
				GCC_WARN_UNDECLARED_SELECTOR = YES;
				GCC_WARN_UNINITIALIZED_AUTOS = YES_AGGRESSIVE;
				GCC_WARN_UNUSED_FUNCTION = YES;
				GCC_WARN_UNUSED_VARIABLE = YES;
				IPHONEOS_DEPLOYMENT_TARGET = 15.0;
				MTL_ENABLE_DEBUG_INFO = INCLUDE_SOURCE;
				MTL_FAST_MATH = YES;
				ONLY_ACTIVE_ARCH = YES;
				SDKROOT = iphoneos;
				SWIFT_ACTIVE_COMPILATION_CONDITIONS = DEBUG;
				SWIFT_OPTIMIZATION_LEVEL = "-Onone";
			};
			name = Debug;
		};
		2DB1413D289D90B900A32A66 /* Release */ = {
			isa = XCBuildConfiguration;
			buildSettings = {
				ALWAYS_SEARCH_USER_PATHS = NO;
				CLANG_ANALYZER_NONNULL = YES;
				CLANG_ANALYZER_NUMBER_OBJECT_CONVERSION = YES_AGGRESSIVE;
				CLANG_CXX_LANGUAGE_STANDARD = "gnu++20";
				CLANG_ENABLE_MODULES = YES;
				CLANG_ENABLE_OBJC_ARC = YES;
				CLANG_ENABLE_OBJC_WEAK = YES;
				CLANG_WARN_BLOCK_CAPTURE_AUTORELEASING = YES;
				CLANG_WARN_BOOL_CONVERSION = YES;
				CLANG_WARN_COMMA = YES;
				CLANG_WARN_CONSTANT_CONVERSION = YES;
				CLANG_WARN_DEPRECATED_OBJC_IMPLEMENTATIONS = YES;
				CLANG_WARN_DIRECT_OBJC_ISA_USAGE = YES_ERROR;
				CLANG_WARN_DOCUMENTATION_COMMENTS = YES;
				CLANG_WARN_EMPTY_BODY = YES;
				CLANG_WARN_ENUM_CONVERSION = YES;
				CLANG_WARN_INFINITE_RECURSION = YES;
				CLANG_WARN_INT_CONVERSION = YES;
				CLANG_WARN_NON_LITERAL_NULL_CONVERSION = YES;
				CLANG_WARN_OBJC_IMPLICIT_RETAIN_SELF = YES;
				CLANG_WARN_OBJC_LITERAL_CONVERSION = YES;
				CLANG_WARN_OBJC_ROOT_CLASS = YES_ERROR;
				CLANG_WARN_QUOTED_INCLUDE_IN_FRAMEWORK_HEADER = YES;
				CLANG_WARN_RANGE_LOOP_ANALYSIS = YES;
				CLANG_WARN_STRICT_PROTOTYPES = YES;
				CLANG_WARN_SUSPICIOUS_MOVE = YES;
				CLANG_WARN_UNGUARDED_AVAILABILITY = YES_AGGRESSIVE;
				CLANG_WARN_UNREACHABLE_CODE = YES;
				CLANG_WARN__DUPLICATE_METHOD_MATCH = YES;
				COPY_PHASE_STRIP = NO;
				DEBUG_INFORMATION_FORMAT = "dwarf-with-dsym";
				ENABLE_NS_ASSERTIONS = NO;
				ENABLE_STRICT_OBJC_MSGSEND = YES;
				GCC_C_LANGUAGE_STANDARD = gnu11;
				GCC_NO_COMMON_BLOCKS = YES;
				GCC_WARN_64_TO_32_BIT_CONVERSION = YES;
				GCC_WARN_ABOUT_RETURN_TYPE = YES_ERROR;
				GCC_WARN_UNDECLARED_SELECTOR = YES;
				GCC_WARN_UNINITIALIZED_AUTOS = YES_AGGRESSIVE;
				GCC_WARN_UNUSED_FUNCTION = YES;
				GCC_WARN_UNUSED_VARIABLE = YES;
				IPHONEOS_DEPLOYMENT_TARGET = 15.0;
				MTL_ENABLE_DEBUG_INFO = NO;
				MTL_FAST_MATH = YES;
				SDKROOT = iphoneos;
				SWIFT_COMPILATION_MODE = wholemodule;
				SWIFT_OPTIMIZATION_LEVEL = "-O";
				VALIDATE_PRODUCT = YES;
			};
			name = Release;
		};
		2DB1413F289D90B900A32A66 /* Debug */ = {
			isa = XCBuildConfiguration;
			buildSettings = {
				ASSETCATALOG_COMPILER_APPICON_NAME = AppIcon;
				ASSETCATALOG_COMPILER_GLOBAL_ACCENT_COLOR_NAME = AccentColor;
				CODE_SIGN_STYLE = Automatic;
				CURRENT_PROJECT_VERSION = 1;
				DEVELOPMENT_ASSET_PATHS = "\"SkyCatNews/Preview Content\"";
				DEVELOPMENT_TEAM = 64LV943Y52;
				ENABLE_PREVIEWS = YES;
				GENERATE_INFOPLIST_FILE = YES;
				INFOPLIST_KEY_UIApplicationSceneManifest_Generation = YES;
				INFOPLIST_KEY_UIApplicationSupportsIndirectInputEvents = YES;
				INFOPLIST_KEY_UILaunchScreen_Generation = YES;
				INFOPLIST_KEY_UISupportedInterfaceOrientations_iPad = "UIInterfaceOrientationPortrait UIInterfaceOrientationPortraitUpsideDown UIInterfaceOrientationLandscapeLeft UIInterfaceOrientationLandscapeRight";
				INFOPLIST_KEY_UISupportedInterfaceOrientations_iPhone = "UIInterfaceOrientationPortrait UIInterfaceOrientationLandscapeLeft UIInterfaceOrientationLandscapeRight";
				IPHONEOS_DEPLOYMENT_TARGET = 15.0;
				LD_RUNPATH_SEARCH_PATHS = (
					"$(inherited)",
					"@executable_path/Frameworks",
				);
				MARKETING_VERSION = 1.0;
				PRODUCT_BUNDLE_IDENTIFIER = uk.damie.SkyCatNews;
				PRODUCT_NAME = "$(TARGET_NAME)";
				SWIFT_EMIT_LOC_STRINGS = YES;
				SWIFT_VERSION = 5.0;
				TARGETED_DEVICE_FAMILY = "1,2";
			};
			name = Debug;
		};
		2DB14140289D90B900A32A66 /* Release */ = {
			isa = XCBuildConfiguration;
			buildSettings = {
				ASSETCATALOG_COMPILER_APPICON_NAME = AppIcon;
				ASSETCATALOG_COMPILER_GLOBAL_ACCENT_COLOR_NAME = AccentColor;
				CODE_SIGN_STYLE = Automatic;
				CURRENT_PROJECT_VERSION = 1;
				DEVELOPMENT_ASSET_PATHS = "\"SkyCatNews/Preview Content\"";
				DEVELOPMENT_TEAM = 64LV943Y52;
				ENABLE_PREVIEWS = YES;
				GENERATE_INFOPLIST_FILE = YES;
				INFOPLIST_KEY_UIApplicationSceneManifest_Generation = YES;
				INFOPLIST_KEY_UIApplicationSupportsIndirectInputEvents = YES;
				INFOPLIST_KEY_UILaunchScreen_Generation = YES;
				INFOPLIST_KEY_UISupportedInterfaceOrientations_iPad = "UIInterfaceOrientationPortrait UIInterfaceOrientationPortraitUpsideDown UIInterfaceOrientationLandscapeLeft UIInterfaceOrientationLandscapeRight";
				INFOPLIST_KEY_UISupportedInterfaceOrientations_iPhone = "UIInterfaceOrientationPortrait UIInterfaceOrientationLandscapeLeft UIInterfaceOrientationLandscapeRight";
				IPHONEOS_DEPLOYMENT_TARGET = 15.0;
				LD_RUNPATH_SEARCH_PATHS = (
					"$(inherited)",
					"@executable_path/Frameworks",
				);
				MARKETING_VERSION = 1.0;
				PRODUCT_BUNDLE_IDENTIFIER = uk.damie.SkyCatNews;
				PRODUCT_NAME = "$(TARGET_NAME)";
				SWIFT_EMIT_LOC_STRINGS = YES;
				SWIFT_VERSION = 5.0;
				TARGETED_DEVICE_FAMILY = "1,2";
			};
			name = Release;
		};
		2DB14142289D90B900A32A66 /* Debug */ = {
			isa = XCBuildConfiguration;
			buildSettings = {
				ALWAYS_EMBED_SWIFT_STANDARD_LIBRARIES = YES;
				BUNDLE_LOADER = "$(TEST_HOST)";
				CODE_SIGN_STYLE = Automatic;
				CURRENT_PROJECT_VERSION = 1;
				DEVELOPMENT_TEAM = 64LV943Y52;
				GENERATE_INFOPLIST_FILE = YES;
				IPHONEOS_DEPLOYMENT_TARGET = 15.0;
				MARKETING_VERSION = 1.0;
				PRODUCT_BUNDLE_IDENTIFIER = uk.damie.SkyCatNewsTests;
				PRODUCT_NAME = "$(TARGET_NAME)";
				SWIFT_EMIT_LOC_STRINGS = NO;
				SWIFT_VERSION = 5.0;
				TARGETED_DEVICE_FAMILY = "1,2";
				TEST_HOST = "$(BUILT_PRODUCTS_DIR)/SkyCatNews.app/$(BUNDLE_EXECUTABLE_FOLDER_PATH)/SkyCatNews";
			};
			name = Debug;
		};
		2DB14143289D90B900A32A66 /* Release */ = {
			isa = XCBuildConfiguration;
			buildSettings = {
				ALWAYS_EMBED_SWIFT_STANDARD_LIBRARIES = YES;
				BUNDLE_LOADER = "$(TEST_HOST)";
				CODE_SIGN_STYLE = Automatic;
				CURRENT_PROJECT_VERSION = 1;
				DEVELOPMENT_TEAM = 64LV943Y52;
				GENERATE_INFOPLIST_FILE = YES;
				IPHONEOS_DEPLOYMENT_TARGET = 15.0;
				MARKETING_VERSION = 1.0;
				PRODUCT_BUNDLE_IDENTIFIER = uk.damie.SkyCatNewsTests;
				PRODUCT_NAME = "$(TARGET_NAME)";
				SWIFT_EMIT_LOC_STRINGS = NO;
				SWIFT_VERSION = 5.0;
				TARGETED_DEVICE_FAMILY = "1,2";
				TEST_HOST = "$(BUILT_PRODUCTS_DIR)/SkyCatNews.app/$(BUNDLE_EXECUTABLE_FOLDER_PATH)/SkyCatNews";
			};
			name = Release;
		};
		2DB14145289D90B900A32A66 /* Debug */ = {
			isa = XCBuildConfiguration;
			buildSettings = {
				ALWAYS_EMBED_SWIFT_STANDARD_LIBRARIES = YES;
				CODE_SIGN_STYLE = Automatic;
				CURRENT_PROJECT_VERSION = 1;
				DEVELOPMENT_TEAM = 64LV943Y52;
				GENERATE_INFOPLIST_FILE = YES;
				MARKETING_VERSION = 1.0;
				PRODUCT_BUNDLE_IDENTIFIER = uk.damie.SkyCatNewsUITests;
				PRODUCT_NAME = "$(TARGET_NAME)";
				SWIFT_EMIT_LOC_STRINGS = NO;
				SWIFT_VERSION = 5.0;
				TARGETED_DEVICE_FAMILY = "1,2";
				TEST_TARGET_NAME = SkyCatNews;
			};
			name = Debug;
		};
		2DB14146289D90B900A32A66 /* Release */ = {
			isa = XCBuildConfiguration;
			buildSettings = {
				ALWAYS_EMBED_SWIFT_STANDARD_LIBRARIES = YES;
				CODE_SIGN_STYLE = Automatic;
				CURRENT_PROJECT_VERSION = 1;
				DEVELOPMENT_TEAM = 64LV943Y52;
				GENERATE_INFOPLIST_FILE = YES;
				MARKETING_VERSION = 1.0;
				PRODUCT_BUNDLE_IDENTIFIER = uk.damie.SkyCatNewsUITests;
				PRODUCT_NAME = "$(TARGET_NAME)";
				SWIFT_EMIT_LOC_STRINGS = NO;
				SWIFT_VERSION = 5.0;
				TARGETED_DEVICE_FAMILY = "1,2";
				TEST_TARGET_NAME = SkyCatNews;
			};
			name = Release;
		};
/* End XCBuildConfiguration section */

/* Begin XCConfigurationList section */
		2DB14115289D90B800A32A66 /* Build configuration list for PBXProject "SkyCatNews" */ = {
			isa = XCConfigurationList;
			buildConfigurations = (
				2DB1413C289D90B900A32A66 /* Debug */,
				2DB1413D289D90B900A32A66 /* Release */,
			);
			defaultConfigurationIsVisible = 0;
			defaultConfigurationName = Release;
		};
		2DB1413E289D90B900A32A66 /* Build configuration list for PBXNativeTarget "SkyCatNews" */ = {
			isa = XCConfigurationList;
			buildConfigurations = (
				2DB1413F289D90B900A32A66 /* Debug */,
				2DB14140289D90B900A32A66 /* Release */,
			);
			defaultConfigurationIsVisible = 0;
			defaultConfigurationName = Release;
		};
		2DB14141289D90B900A32A66 /* Build configuration list for PBXNativeTarget "SkyCatNewsTests" */ = {
			isa = XCConfigurationList;
			buildConfigurations = (
				2DB14142289D90B900A32A66 /* Debug */,
				2DB14143289D90B900A32A66 /* Release */,
			);
			defaultConfigurationIsVisible = 0;
			defaultConfigurationName = Release;
		};
		2DB14144289D90B900A32A66 /* Build configuration list for PBXNativeTarget "SkyCatNewsUITests" */ = {
			isa = XCConfigurationList;
			buildConfigurations = (
				2DB14145289D90B900A32A66 /* Debug */,
				2DB14146289D90B900A32A66 /* Release */,
			);
			defaultConfigurationIsVisible = 0;
			defaultConfigurationName = Release;
		};
/* End XCConfigurationList section */
	};
	rootObject = 2DB14112289D90B800A32A66 /* Project object */;
}
